// !$*UTF8*$!
{
	archiveVersion = 1;
	classes = {
	};
	objectVersion = 56;
	objects = {

/* Begin PBXBuildFile section */
		001 /* DnDTextRPGApp.swift in Sources */ = {isa = PBXBuildFile; fileRef = 101 /* DnDTextRPGApp.swift */; };
		002 /* ContentView.swift in Sources */ = {isa = PBXBuildFile; fileRef = 102 /* ContentView.swift */; };
		003 /* TerminalView.swift in Sources */ = {isa = PBXBuildFile; fileRef = 103 /* TerminalView.swift */; };
		004 /* TerminalModels.swift in Sources */ = {isa = PBXBuildFile; fileRef = 104 /* TerminalModels.swift */; };
		005 /* CharacterModels.swift in Sources */ = {isa = PBXBuildFile; fileRef = 105 /* CharacterModels.swift */; };
		006 /* DungeonModels.swift in Sources */ = {isa = PBXBuildFile; fileRef = 106 /* DungeonModels.swift */; };
		007 /* CombatModels.swift in Sources */ = {isa = PBXBuildFile; fileRef = 107 /* CombatModels.swift */; };
		008 /* GameEngine.swift in Sources */ = {isa = PBXBuildFile; fileRef = 108 /* GameEngine.swift */; };
		009 /* Dice.swift in Sources */ = {isa = PBXBuildFile; fileRef = 109 /* Dice.swift */; };
		010 /* Assets.xcassets in Resources */ = {isa = PBXBuildFile; fileRef = 110 /* Assets.xcassets */; };
		011 /* PrivacyInfo.xcprivacy in Resources */ = {isa = PBXBuildFile; fileRef = 111 /* PrivacyInfo.xcprivacy */; };
		012 /* SaveGameModels.swift in Sources */ = {isa = PBXBuildFile; fileRef = 112 /* SaveGameModels.swift */; };
		013 /* SoundManager.swift in Sources */ = {isa = PBXBuildFile; fileRef = 113 /* SoundManager.swift */; };
		014 /* HallOfFame.swift in Sources */ = {isa = PBXBuildFile; fileRef = 114 /* HallOfFame.swift */; };
		015 /* GameCenterManager.swift in Sources */ = {isa = PBXBuildFile; fileRef = 115 /* GameCenterManager.swift */; };
		016 /* DMEngine.swift in Sources */ = {isa = PBXBuildFile; fileRef = 116 /* DMEngine.swift */; };
		017 /* ItemModels.swift in Sources */ = {isa = PBXBuildFile; fileRef = 117 /* ItemModels.swift */; };
		018 /* ShopEngine.swift in Sources */ = {isa = PBXBuildFile; fileRef = 118 /* ShopEngine.swift */; };
		019 /* SpellModels.swift in Sources */ = {isa = PBXBuildFile; fileRef = 119 /* SpellModels.swift */; };
		020 /* SpeechEngine.swift in Sources */ = {isa = PBXBuildFile; fileRef = 120 /* SpeechEngine.swift */; };
		0AC4F9C5695C427481E81514 /* MerchantModels.swift in Sources */ = {isa = PBXBuildFile; fileRef = 4B0C527A53D24F0394605EEB /* MerchantModels.swift */; };
		1C04E22DA34B43666F5775A6 /* DnDTextRPGWatchApp.swift in Sources */ = {isa = PBXBuildFile; fileRef = 110E8F0D682F9BAD52C2A377 /* DnDTextRPGWatchApp.swift */; };
		1CA4F6973F3B4A66A93CB2BB /* RiddleData.swift in Sources */ = {isa = PBXBuildFile; fileRef = 541BA8B56DAA46E2A3777688 /* RiddleData.swift */; };
		2BDCC0373C714C3CBFE4DDA9 /* CharacterLibraryModels.swift in Sources */ = {isa = PBXBuildFile; fileRef = 007C1A2621AF46D19020E969 /* CharacterLibraryModels.swift */; };
		51BE9453556E4524AD580E78 /* QuestModels.swift in Sources */ = {isa = PBXBuildFile; fileRef = A93BA868281843B09A57821C /* QuestModels.swift */; };
		5290AC73A279C70731B29DE4 /* Foundation.framework in Frameworks */ = {isa = PBXBuildFile; fileRef = 0060E8428D7BAA48D7F6F41A /* Foundation.framework */; };
		64D90970CCC0A3DBDF1EAAB1 /* DnDTextRPGWatch.app in Embed Watch Content */ = {isa = PBXBuildFile; fileRef = 59942E297723A646362ADF21 /* DnDTextRPGWatch.app */; platformFilter = ios; settings = {ATTRIBUTES = (RemoveHeadersOnCopy, ); }; };
		A1B2C3D4E5F6A7B800112234 /* StateSnapshot.swift in Sources */ = {isa = PBXBuildFile; fileRef = A1B2C3D4E5F6A7B800112233 /* StateSnapshot.swift */; };
		A1B2C3D4E5F6A7B800112236 /* StateDiff.swift in Sources */ = {isa = PBXBuildFile; fileRef = A1B2C3D4E5F6A7B800112235 /* StateDiff.swift */; };
		A1B2C3D4E5F6A7B800112238 /* StateSnapshotManager.swift in Sources */ = {isa = PBXBuildFile; fileRef = A1B2C3D4E5F6A7B800112237 /* StateSnapshotManager.swift */; };
		AA00000000000000000004 /* Localizable.xcstrings in Resources */ = {isa = PBXBuildFile; fileRef = AA00000000000000000003 /* Localizable.xcstrings */; };
		B3C4D5E6F7A8B9C000334456 /* MultiplayerModels.swift in Sources */ = {isa = PBXBuildFile; fileRef = B3C4D5E6F7A8B9C000334455 /* MultiplayerModels.swift */; };
		BB00000000000000000002 /* GameKeyboardView.swift in Sources */ = {isa = PBXBuildFile; fileRef = BB00000000000000000001 /* GameKeyboardView.swift */; };
		C1CAA03BCCF4856BC917078C /* ContentView.swift in Sources */ = {isa = PBXBuildFile; fileRef = 20E1A434CF3CA0747B93E5E2 /* ContentView.swift */; };
		C4D5E6F7A8B9C0D100445567 /* VoiceInputManager.swift in Sources */ = {isa = PBXBuildFile; fileRef = C4D5E6F7A8B9C0D100445566 /* VoiceInputManager.swift */; };
		CC00000000000000000002 /* dragon_animation.gif in Resources */ = {isa = PBXBuildFile; fileRef = CC00000000000000000001 /* dragon_animation.gif */; };
		D5391060BEFC4EB7BD601FD7 /* TrainerModels.swift in Sources */ = {isa = PBXBuildFile; fileRef = FE80F5BBC8094E138B838B35 /* TrainerModels.swift */; };
		D5E6F7A8B9C0D1E200556678 /* FAQData.swift in Sources */ = {isa = PBXBuildFile; fileRef = D5E6F7A8B9C0D1E200556677 /* FAQData.swift */; };
		DD00000000000000000002 /* dragon_castle.gif in Resources */ = {isa = PBXBuildFile; fileRef = DD00000000000000000001 /* dragon_castle.gif */; };
		E6F7A8B9C0D1E2F300667790 /* NPCModels.swift in Sources */ = {isa = PBXBuildFile; fileRef = E6F7A8B9C0D1E2F300667789 /* NPCModels.swift */; };
		EE00000000000000000002 /* dragon_flapping.gif in Resources */ = {isa = PBXBuildFile; fileRef = EE00000000000000000001 /* dragon_flapping.gif */; };
/* End PBXBuildFile section */

/* Begin PBXContainerItemProxy section */
		691EE2FF5B22A4179972A85B /* PBXContainerItemProxy */ = {
			isa = PBXContainerItemProxy;
			containerPortal = 600 /* Project object */;
			proxyType = 1;
			remoteGlobalIDString = 57391D0685563346D2BF28C9;
			remoteInfo = DnDTextRPGWatch;
		};
/* End PBXContainerItemProxy section */

/* Begin PBXCopyFilesBuildPhase section */
		56D61E8417DA9CA8039A533F /* Embed Watch Content */ = {
			isa = PBXCopyFilesBuildPhase;
			buildActionMask = 2147483647;
			dstPath = "";
			dstSubfolderSpec = 16;
			files = (
				64D90970CCC0A3DBDF1EAAB1 /* DnDTextRPGWatch.app in Embed Watch Content */,
			);
			name = "Embed Watch Content";
			runOnlyForDeploymentPostprocessing = 0;
		};
/* End PBXCopyFilesBuildPhase section */

/* Begin PBXFileReference section */
		0060E8428D7BAA48D7F6F41A /* Foundation.framework */ = {isa = PBXFileReference; lastKnownFileType = wrapper.framework; name = Foundation.framework; path = Platforms/WatchOS.platform/Developer/SDKs/WatchOS26.0.sdk/System/Library/Frameworks/Foundation.framework; sourceTree = DEVELOPER_DIR; };
		007C1A2621AF46D19020E969 /* CharacterLibraryModels.swift */ = {isa = PBXFileReference; lastKnownFileType = sourcecode.swift; path = CharacterLibraryModels.swift; sourceTree = "<group>"; };
		100 /* DnDTextRPG.app */ = {isa = PBXFileReference; explicitFileType = wrapper.application; includeInIndex = 0; path = DnDTextRPG.app; sourceTree = BUILT_PRODUCTS_DIR; };
		101 /* DnDTextRPGApp.swift */ = {isa = PBXFileReference; lastKnownFileType = sourcecode.swift; path = DnDTextRPGApp.swift; sourceTree = "<group>"; };
		102 /* ContentView.swift */ = {isa = PBXFileReference; lastKnownFileType = sourcecode.swift; path = ContentView.swift; sourceTree = "<group>"; };
		103 /* TerminalView.swift */ = {isa = PBXFileReference; lastKnownFileType = sourcecode.swift; path = TerminalView.swift; sourceTree = "<group>"; };
		104 /* TerminalModels.swift */ = {isa = PBXFileReference; lastKnownFileType = sourcecode.swift; path = TerminalModels.swift; sourceTree = "<group>"; };
		105 /* CharacterModels.swift */ = {isa = PBXFileReference; lastKnownFileType = sourcecode.swift; path = CharacterModels.swift; sourceTree = "<group>"; };
		106 /* DungeonModels.swift */ = {isa = PBXFileReference; lastKnownFileType = sourcecode.swift; path = DungeonModels.swift; sourceTree = "<group>"; };
		107 /* CombatModels.swift */ = {isa = PBXFileReference; lastKnownFileType = sourcecode.swift; path = CombatModels.swift; sourceTree = "<group>"; };
		108 /* GameEngine.swift */ = {isa = PBXFileReference; lastKnownFileType = sourcecode.swift; path = GameEngine.swift; sourceTree = "<group>"; };
		109 /* Dice.swift */ = {isa = PBXFileReference; lastKnownFileType = sourcecode.swift; path = Dice.swift; sourceTree = "<group>"; };
		110 /* Assets.xcassets */ = {isa = PBXFileReference; lastKnownFileType = folder.assetcatalog; path = Assets.xcassets; sourceTree = "<group>"; };
		110E8F0D682F9BAD52C2A377 /* DnDTextRPGWatchApp.swift */ = {isa = PBXFileReference; includeInIndex = 1; lastKnownFileType = sourcecode.swift; path = DnDTextRPGWatchApp.swift; sourceTree = "<group>"; };
		111 /* PrivacyInfo.xcprivacy */ = {isa = PBXFileReference; lastKnownFileType = text.xml; path = PrivacyInfo.xcprivacy; sourceTree = "<group>"; };
		112 /* SaveGameModels.swift */ = {isa = PBXFileReference; lastKnownFileType = sourcecode.swift; path = SaveGameModels.swift; sourceTree = "<group>"; };
		113 /* SoundManager.swift */ = {isa = PBXFileReference; lastKnownFileType = sourcecode.swift; path = SoundManager.swift; sourceTree = "<group>"; };
		114 /* HallOfFame.swift */ = {isa = PBXFileReference; lastKnownFileType = sourcecode.swift; path = HallOfFame.swift; sourceTree = "<group>"; };
		115 /* GameCenterManager.swift */ = {isa = PBXFileReference; lastKnownFileType = sourcecode.swift; path = GameCenterManager.swift; sourceTree = "<group>"; };
		116 /* DMEngine.swift */ = {isa = PBXFileReference; lastKnownFileType = sourcecode.swift; path = DMEngine.swift; sourceTree = "<group>"; };
		117 /* ItemModels.swift */ = {isa = PBXFileReference; lastKnownFileType = sourcecode.swift; path = ItemModels.swift; sourceTree = "<group>"; };
		118 /* ShopEngine.swift */ = {isa = PBXFileReference; lastKnownFileType = sourcecode.swift; path = ShopEngine.swift; sourceTree = "<group>"; };
		119 /* SpellModels.swift */ = {isa = PBXFileReference; lastKnownFileType = sourcecode.swift; path = SpellModels.swift; sourceTree = "<group>"; };
		120 /* SpeechEngine.swift */ = {isa = PBXFileReference; lastKnownFileType = sourcecode.swift; path = SpeechEngine.swift; sourceTree = "<group>"; };
		20E1A434CF3CA0747B93E5E2 /* ContentView.swift */ = {isa = PBXFileReference; includeInIndex = 1; lastKnownFileType = sourcecode.swift; path = ContentView.swift; sourceTree = "<group>"; };
		4B0C527A53D24F0394605EEB /* MerchantModels.swift */ = {isa = PBXFileReference; lastKnownFileType = sourcecode.swift; path = MerchantModels.swift; sourceTree = "<group>"; };
		541BA8B56DAA46E2A3777688 /* RiddleData.swift */ = {isa = PBXFileReference; lastKnownFileType = sourcecode.swift; path = RiddleData.swift; sourceTree = "<group>"; };
		59942E297723A646362ADF21 /* DnDTextRPGWatch.app */ = {isa = PBXFileReference; explicitFileType = wrapper.application; includeInIndex = 0; path = DnDTextRPGWatch.app; sourceTree = BUILT_PRODUCTS_DIR; };
		A1B2C3D4E5F6A7B800112233 /* StateSnapshot.swift */ = {isa = PBXFileReference; lastKnownFileType = sourcecode.swift; path = StateSnapshot.swift; sourceTree = "<group>"; };
		A1B2C3D4E5F6A7B800112235 /* StateDiff.swift */ = {isa = PBXFileReference; lastKnownFileType = sourcecode.swift; path = StateDiff.swift; sourceTree = "<group>"; };
		A1B2C3D4E5F6A7B800112237 /* StateSnapshotManager.swift */ = {isa = PBXFileReference; lastKnownFileType = sourcecode.swift; path = StateSnapshotManager.swift; sourceTree = "<group>"; };
		A93BA868281843B09A57821C /* QuestModels.swift */ = {isa = PBXFileReference; lastKnownFileType = sourcecode.swift; path = QuestModels.swift; sourceTree = "<group>"; };
		AA00000000000000000003 /* Localizable.xcstrings */ = {isa = PBXFileReference; lastKnownFileType = text.json.xcstrings; path = Localizable.xcstrings; sourceTree = "<group>"; };
		B3C4D5E6F7A8B9C000334455 /* MultiplayerModels.swift */ = {isa = PBXFileReference; lastKnownFileType = sourcecode.swift; path = MultiplayerModels.swift; sourceTree = "<group>"; };
		BB00000000000000000001 /* GameKeyboardView.swift */ = {isa = PBXFileReference; lastKnownFileType = sourcecode.swift; path = GameKeyboardView.swift; sourceTree = "<group>"; };
		C4D5E6F7A8B9C0D100445566 /* VoiceInputManager.swift */ = {isa = PBXFileReference; lastKnownFileType = sourcecode.swift; path = VoiceInputManager.swift; sourceTree = "<group>"; };
		CC00000000000000000001 /* dragon_animation.gif */ = {isa = PBXFileReference; lastKnownFileType = image.gif; path = dragon_animation.gif; sourceTree = "<group>"; };
		D18E1F342F3DF78F0076A164 /* DnDTextRPG.entitlements */ = {isa = PBXFileReference; lastKnownFileType = text.plist.entitlements; path = DnDTextRPG.entitlements; sourceTree = "<group>"; };
		D5E6F7A8B9C0D1E200556677 /* FAQData.swift */ = {isa = PBXFileReference; lastKnownFileType = sourcecode.swift; path = FAQData.swift; sourceTree = "<group>"; };
		DD00000000000000000001 /* dragon_castle.gif */ = {isa = PBXFileReference; lastKnownFileType = image.gif; path = dragon_castle.gif; sourceTree = "<group>"; };
		E6F7A8B9C0D1E2F300667789 /* NPCModels.swift */ = {isa = PBXFileReference; lastKnownFileType = sourcecode.swift; path = NPCModels.swift; sourceTree = "<group>"; };
		EE00000000000000000001 /* dragon_flapping.gif */ = {isa = PBXFileReference; lastKnownFileType = image.gif; path = dragon_flapping.gif; sourceTree = "<group>"; };
		FE80F5BBC8094E138B838B35 /* TrainerModels.swift */ = {isa = PBXFileReference; lastKnownFileType = sourcecode.swift; path = TrainerModels.swift; sourceTree = "<group>"; };
/* End PBXFileReference section */

/* Begin PBXFrameworksBuildPhase section */
		200 /* Frameworks */ = {
			isa = PBXFrameworksBuildPhase;
			buildActionMask = 2147483647;
			files = (
			);
			runOnlyForDeploymentPostprocessing = 0;
		};
		B7A50BD7A8C981EFA65E83F3 /* Frameworks */ = {
			isa = PBXFrameworksBuildPhase;
			buildActionMask = 2147483647;
			files = (
				5290AC73A279C70731B29DE4 /* Foundation.framework in Frameworks */,
			);
			runOnlyForDeploymentPostprocessing = 0;
		};
/* End PBXFrameworksBuildPhase section */

/* Begin PBXGroup section */
		0BE30CA5E40A20B20C18B350 /* Frameworks */ = {
			isa = PBXGroup;
			children = (
				970D9F181C43C2A8B10184DD /* watchOS */,
			);
			name = Frameworks;
			sourceTree = "<group>";
		};
		300 = {
			isa = PBXGroup;
			children = (
				301 /* DnDTextRPG */,
				302 /* Products */,
				CA3A7379ED71009472E9EB3B /* DnDTextRPGWatch */,
				0BE30CA5E40A20B20C18B350 /* Frameworks */,
			);
			sourceTree = "<group>";
		};
		301 /* DnDTextRPG */ = {
			isa = PBXGroup;
			children = (
				D18E1F342F3DF78F0076A164 /* DnDTextRPG.entitlements */,
				101 /* DnDTextRPGApp.swift */,
				303 /* Views */,
				304 /* Models */,
				305 /* Game */,
				306 /* Utils */,
				110 /* Assets.xcassets */,
				111 /* PrivacyInfo.xcprivacy */,
				AA00000000000000000003 /* Localizable.xcstrings */,
				CC00000000000000000001 /* dragon_animation.gif */,
				DD00000000000000000001 /* dragon_castle.gif */,
				EE00000000000000000001 /* dragon_flapping.gif */,
			);
			path = DnDTextRPG;
			sourceTree = "<group>";
		};
		302 /* Products */ = {
			isa = PBXGroup;
			children = (
				100 /* DnDTextRPG.app */,
				59942E297723A646362ADF21 /* DnDTextRPGWatch.app */,
			);
			name = Products;
			sourceTree = "<group>";
		};
		303 /* Views */ = {
			isa = PBXGroup;
			children = (
				102 /* ContentView.swift */,
				103 /* TerminalView.swift */,
				BB00000000000000000001 /* GameKeyboardView.swift */,
			);
			path = Views;
			sourceTree = "<group>";
		};
		304 /* Models */ = {
			isa = PBXGroup;
			children = (
				104 /* TerminalModels.swift */,
				105 /* CharacterModels.swift */,
				106 /* DungeonModels.swift */,
				107 /* CombatModels.swift */,
				112 /* SaveGameModels.swift */,
				114 /* HallOfFame.swift */,
				117 /* ItemModels.swift */,
				119 /* SpellModels.swift */,
				A1B2C3D4E5F6A7B800112233 /* StateSnapshot.swift */,
				A1B2C3D4E5F6A7B800112235 /* StateDiff.swift */,
				B3C4D5E6F7A8B9C000334455 /* MultiplayerModels.swift */,
				E6F7A8B9C0D1E2F300667789 /* NPCModels.swift */,
				4B0C527A53D24F0394605EEB /* MerchantModels.swift */,
				541BA8B56DAA46E2A3777688 /* RiddleData.swift */,
				A93BA868281843B09A57821C /* QuestModels.swift */,
				FE80F5BBC8094E138B838B35 /* TrainerModels.swift */,
				007C1A2621AF46D19020E969 /* CharacterLibraryModels.swift */,
			);
			path = Models;
			sourceTree = "<group>";
		};
		305 /* Game */ = {
			isa = PBXGroup;
			children = (
				108 /* GameEngine.swift */,
				118 /* ShopEngine.swift */,
			);
			path = Game;
			sourceTree = "<group>";
		};
		306 /* Utils */ = {
			isa = PBXGroup;
			children = (
				109 /* Dice.swift */,
				113 /* SoundManager.swift */,
				115 /* GameCenterManager.swift */,
				116 /* DMEngine.swift */,
				120 /* SpeechEngine.swift */,
				A1B2C3D4E5F6A7B800112237 /* StateSnapshotManager.swift */,
				C4D5E6F7A8B9C0D100445566 /* VoiceInputManager.swift */,
				D5E6F7A8B9C0D1E200556677 /* FAQData.swift */,
			);
			path = Utils;
			sourceTree = "<group>";
		};
		970D9F181C43C2A8B10184DD /* watchOS */ = {
			isa = PBXGroup;
			children = (
				0060E8428D7BAA48D7F6F41A /* Foundation.framework */,
			);
			name = watchOS;
			sourceTree = "<group>";
		};
		CA3A7379ED71009472E9EB3B /* DnDTextRPGWatch */ = {
			isa = PBXGroup;
			children = (
				20E1A434CF3CA0747B93E5E2 /* ContentView.swift */,
				110E8F0D682F9BAD52C2A377 /* DnDTextRPGWatchApp.swift */,
			);
			name = DnDTextRPGWatch;
			path = DnDTextRPGWatch;
			sourceTree = "<group>";
		};
/* End PBXGroup section */

/* Begin PBXNativeTarget section */
		400 /* DnDTextRPG */ = {
			isa = PBXNativeTarget;
			buildConfigurationList = 500 /* Build configuration list for PBXNativeTarget "DnDTextRPG" */;
			buildPhases = (
				401 /* Sources */,
				200 /* Frameworks */,
				402 /* Resources */,
				56D61E8417DA9CA8039A533F /* Embed Watch Content */,
			);
			buildRules = (
			);
			dependencies = (
				15F05737E480E9E16D18AA72 /* PBXTargetDependency */,
			);
			name = DnDTextRPG;
			productName = DnDTextRPG;
			productReference = 100 /* DnDTextRPG.app */;
			productType = "com.apple.product-type.application";
		};
		57391D0685563346D2BF28C9 /* DnDTextRPGWatch */ = {
			isa = PBXNativeTarget;
			buildConfigurationList = 2B6825ECC4057ADD38E96337 /* Build configuration list for PBXNativeTarget "DnDTextRPGWatch" */;
			buildPhases = (
				65F422823670D76C7354D80A /* Sources */,
				B7A50BD7A8C981EFA65E83F3 /* Frameworks */,
				4B02FF0D81D4BFC3ECAEA3B3 /* Resources */,
			);
			buildRules = (
			);
			dependencies = (
			);
			name = DnDTextRPGWatch;
			productName = DnDTextRPGWatch;
			productReference = 59942E297723A646362ADF21 /* DnDTextRPGWatch.app */;
			productType = "com.apple.product-type.application";
		};
/* End PBXNativeTarget section */

/* Begin PBXProject section */
		600 /* Project object */ = {
			isa = PBXProject;
			attributes = {
				BuildIndependentTargetsInParallel = 1;
				LastSwiftUpdateCheck = 1500;
				LastUpgradeCheck = 2620;
				TargetAttributes = {
					400 = {
						CreatedOnToolsVersion = 15.0;
					};
				};
			};
			buildConfigurationList = 601 /* Build configuration list for PBXProject "DnDTextRPG" */;
			compatibilityVersion = "Xcode 14.0";
			developmentRegion = en;
			hasScannedForEncodings = 0;
			knownRegions = (
				en,
				Base,
			);
			mainGroup = 300;
			productRefGroup = 302 /* Products */;
			projectDirPath = "";
			projectRoot = "";
			targets = (
				400 /* DnDTextRPG */,
				57391D0685563346D2BF28C9 /* DnDTextRPGWatch */,
			);
		};
/* End PBXProject section */

/* Begin PBXResourcesBuildPhase section */
		402 /* Resources */ = {
			isa = PBXResourcesBuildPhase;
			buildActionMask = 2147483647;
			files = (
				010 /* Assets.xcassets in Resources */,
				011 /* PrivacyInfo.xcprivacy in Resources */,
				AA00000000000000000004 /* Localizable.xcstrings in Resources */,
				CC00000000000000000002 /* dragon_animation.gif in Resources */,
				DD00000000000000000002 /* dragon_castle.gif in Resources */,
				EE00000000000000000002 /* dragon_flapping.gif in Resources */,
			);
			runOnlyForDeploymentPostprocessing = 0;
		};
		4B02FF0D81D4BFC3ECAEA3B3 /* Resources */ = {
			isa = PBXResourcesBuildPhase;
			buildActionMask = 2147483647;
			files = (
			);
			runOnlyForDeploymentPostprocessing = 0;
		};
/* End PBXResourcesBuildPhase section */

/* Begin PBXSourcesBuildPhase section */
		401 /* Sources */ = {
			isa = PBXSourcesBuildPhase;
			buildActionMask = 2147483647;
			files = (
				001 /* DnDTextRPGApp.swift in Sources */,
				002 /* ContentView.swift in Sources */,
				003 /* TerminalView.swift in Sources */,
				004 /* TerminalModels.swift in Sources */,
				005 /* CharacterModels.swift in Sources */,
				006 /* DungeonModels.swift in Sources */,
				007 /* CombatModels.swift in Sources */,
				008 /* GameEngine.swift in Sources */,
				009 /* Dice.swift in Sources */,
				012 /* SaveGameModels.swift in Sources */,
				013 /* SoundManager.swift in Sources */,
				014 /* HallOfFame.swift in Sources */,
				015 /* GameCenterManager.swift in Sources */,
				016 /* DMEngine.swift in Sources */,
				017 /* ItemModels.swift in Sources */,
				018 /* ShopEngine.swift in Sources */,
				019 /* SpellModels.swift in Sources */,
				020 /* SpeechEngine.swift in Sources */,
				A1B2C3D4E5F6A7B800112234 /* StateSnapshot.swift in Sources */,
				A1B2C3D4E5F6A7B800112236 /* StateDiff.swift in Sources */,
				A1B2C3D4E5F6A7B800112238 /* StateSnapshotManager.swift in Sources */,
				B3C4D5E6F7A8B9C000334456 /* MultiplayerModels.swift in Sources */,
				C4D5E6F7A8B9C0D100445567 /* VoiceInputManager.swift in Sources */,
				D5E6F7A8B9C0D1E200556678 /* FAQData.swift in Sources */,
				E6F7A8B9C0D1E2F300667790 /* NPCModels.swift in Sources */,
				0AC4F9C5695C427481E81514 /* MerchantModels.swift in Sources */,
				1CA4F6973F3B4A66A93CB2BB /* RiddleData.swift in Sources */,
				51BE9453556E4524AD580E78 /* QuestModels.swift in Sources */,
				D5391060BEFC4EB7BD601FD7 /* TrainerModels.swift in Sources */,
				2BDCC0373C714C3CBFE4DDA9 /* CharacterLibraryModels.swift in Sources */,
				BB00000000000000000002 /* GameKeyboardView.swift in Sources */,
			);
			runOnlyForDeploymentPostprocessing = 0;
		};
		65F422823670D76C7354D80A /* Sources */ = {
			isa = PBXSourcesBuildPhase;
			buildActionMask = 2147483647;
			files = (
				C1CAA03BCCF4856BC917078C /* ContentView.swift in Sources */,
				1C04E22DA34B43666F5775A6 /* DnDTextRPGWatchApp.swift in Sources */,
			);
			runOnlyForDeploymentPostprocessing = 0;
		};
/* End PBXSourcesBuildPhase section */

/* Begin PBXTargetDependency section */
		15F05737E480E9E16D18AA72 /* PBXTargetDependency */ = {
			isa = PBXTargetDependency;
			name = DnDTextRPGWatch;
			target = 57391D0685563346D2BF28C9 /* DnDTextRPGWatch */;
			targetProxy = 691EE2FF5B22A4179972A85B /* PBXContainerItemProxy */;
		};
/* End PBXTargetDependency section */

/* Begin XCBuildConfiguration section */
		412DAF91AEED47C3AAFE7628 /* Release */ = {
			isa = XCBuildConfiguration;
			buildSettings = {
				ASSETCATALOG_COMPILER_APPICON_NAME = "";
				ASSETCATALOG_COMPILER_GLOBAL_ACCENT_COLOR_NAME = AccentColor;
				CODE_SIGN_STYLE = Automatic;
				CURRENT_PROJECT_VERSION = 34;
				DEVELOPMENT_TEAM = 74SY6DZ377;
				ENABLE_PREVIEWS = YES;
				GENERATE_INFOPLIST_FILE = YES;
				INFOPLIST_KEY_UISupportedInterfaceOrientations = UIInterfaceOrientationPortrait;
				INFOPLIST_KEY_WKCompanionAppBundleIdentifier = com.timbaloo.dnd.textrpg;
				MARKETING_VERSION = 3.0;
				PRODUCT_BUNDLE_IDENTIFIER = com.timbaloo.dnd.textrpg.watchkitapp;
				PRODUCT_NAME = DnDTextRPGWatch;
				SDKROOT = watchos;
				SKIP_INSTALL = YES;
				SUPPORTED_PLATFORMS = "watchos watchsimulator";
				SWIFT_VERSION = 5.0;
				TARGETED_DEVICE_FAMILY = 4;
				VALIDATE_PRODUCT = YES;
				WATCHOS_DEPLOYMENT_TARGET = 10.0;
			};
			name = Release;
		};
		700 /* Debug */ = {
			isa = XCBuildConfiguration;
			buildSettings = {
				ALWAYS_SEARCH_USER_PATHS = NO;
				ASSETCATALOG_COMPILER_GENERATE_SWIFT_ASSET_SYMBOL_EXTENSIONS = YES;
				CLANG_ANALYZER_NONNULL = YES;
				CLANG_ANALYZER_NUMBER_OBJECT_CONVERSION = YES_AGGRESSIVE;
				CLANG_CXX_LANGUAGE_STANDARD = "gnu++20";
				CLANG_ENABLE_MODULES = YES;
				CLANG_ENABLE_OBJC_ARC = YES;
				CLANG_ENABLE_OBJC_WEAK = YES;
				CLANG_WARN_BLOCK_CAPTURE_AUTORELEASING = YES;
				CLANG_WARN_BOOL_CONVERSION = YES;
				CLANG_WARN_COMMA = YES;
				CLANG_WARN_CONSTANT_CONVERSION = YES;
				CLANG_WARN_DEPRECATED_OBJC_IMPLEMENTATIONS = YES;
				CLANG_WARN_DIRECT_OBJC_ISA_USAGE = YES_ERROR;
				CLANG_WARN_DOCUMENTATION_COMMENTS = YES;
				CLANG_WARN_EMPTY_BODY = YES;
				CLANG_WARN_ENUM_CONVERSION = YES;
				CLANG_WARN_INFINITE_RECURSION = YES;
				CLANG_WARN_INT_CONVERSION = YES;
				CLANG_WARN_NON_LITERAL_NULL_CONVERSION = YES;
				CLANG_WARN_OBJC_IMPLICIT_RETAIN_SELF = YES;
				CLANG_WARN_OBJC_LITERAL_CONVERSION = YES;
				CLANG_WARN_OBJC_ROOT_CLASS = YES_ERROR;
				CLANG_WARN_QUOTED_INCLUDE_IN_FRAMEWORK_HEADER = YES;
				CLANG_WARN_RANGE_LOOP_ANALYSIS = YES;
				CLANG_WARN_STRICT_PROTOTYPES = YES;
				CLANG_WARN_SUSPICIOUS_MOVE = YES;
				CLANG_WARN_UNGUARDED_AVAILABILITY = YES_AGGRESSIVE;
				CLANG_WARN_UNREACHABLE_CODE = YES;
				CLANG_WARN__DUPLICATE_METHOD_MATCH = YES;
				COPY_PHASE_STRIP = NO;
				DEBUG_INFORMATION_FORMAT = dwarf;
				DEVELOPMENT_TEAM = 74SY6DZ377;
				ENABLE_STRICT_OBJC_MSGSEND = YES;
				ENABLE_TESTABILITY = YES;
				ENABLE_USER_SCRIPT_SANDBOXING = YES;
				GCC_C_LANGUAGE_STANDARD = gnu17;
				GCC_DYNAMIC_NO_PIC = NO;
				GCC_NO_COMMON_BLOCKS = YES;
				GCC_OPTIMIZATION_LEVEL = 0;
				GCC_PREPROCESSOR_DEFINITIONS = (
					"DEBUG=1",
					"$(inherited)",
				);
				GCC_WARN_64_TO_32_BIT_CONVERSION = YES;
				GCC_WARN_ABOUT_RETURN_TYPE = YES_ERROR;
				GCC_WARN_UNDECLARED_SELECTOR = YES;
				GCC_WARN_UNINITIALIZED_AUTOS = YES_AGGRESSIVE;
				GCC_WARN_UNUSED_FUNCTION = YES;
				GCC_WARN_UNUSED_VARIABLE = YES;
				IPHONEOS_DEPLOYMENT_TARGET = 16.0;
				LOCALIZATION_PREFERS_STRING_CATALOGS = YES;
				MTL_ENABLE_DEBUG_INFO = INCLUDE_SOURCE;
				MTL_FAST_MATH = YES;
				ONLY_ACTIVE_ARCH = YES;
				SDKROOT = iphoneos;
				STRING_CATALOG_GENERATE_SYMBOLS = YES;
				SWIFT_ACTIVE_COMPILATION_CONDITIONS = "DEBUG $(inherited)";
				SWIFT_OPTIMIZATION_LEVEL = "-Onone";
			};
			name = Debug;
		};
		701 /* Release */ = {
			isa = XCBuildConfiguration;
			buildSettings = {
				ALWAYS_SEARCH_USER_PATHS = NO;
				ASSETCATALOG_COMPILER_GENERATE_SWIFT_ASSET_SYMBOL_EXTENSIONS = YES;
				CLANG_ANALYZER_NONNULL = YES;
				CLANG_ANALYZER_NUMBER_OBJECT_CONVERSION = YES_AGGRESSIVE;
				CLANG_CXX_LANGUAGE_STANDARD = "gnu++20";
				CLANG_ENABLE_MODULES = YES;
				CLANG_ENABLE_OBJC_ARC = YES;
				CLANG_ENABLE_OBJC_WEAK = YES;
				CLANG_WARN_BLOCK_CAPTURE_AUTORELEASING = YES;
				CLANG_WARN_BOOL_CONVERSION = YES;
				CLANG_WARN_COMMA = YES;
				CLANG_WARN_CONSTANT_CONVERSION = YES;
				CLANG_WARN_DEPRECATED_OBJC_IMPLEMENTATIONS = YES;
				CLANG_WARN_DIRECT_OBJC_ISA_USAGE = YES_ERROR;
				CLANG_WARN_DOCUMENTATION_COMMENTS = YES;
				CLANG_WARN_EMPTY_BODY = YES;
				CLANG_WARN_ENUM_CONVERSION = YES;
				CLANG_WARN_INFINITE_RECURSION = YES;
				CLANG_WARN_INT_CONVERSION = YES;
				CLANG_WARN_NON_LITERAL_NULL_CONVERSION = YES;
				CLANG_WARN_OBJC_IMPLICIT_RETAIN_SELF = YES;
				CLANG_WARN_OBJC_LITERAL_CONVERSION = YES;
				CLANG_WARN_OBJC_ROOT_CLASS = YES_ERROR;
				CLANG_WARN_QUOTED_INCLUDE_IN_FRAMEWORK_HEADER = YES;
				CLANG_WARN_RANGE_LOOP_ANALYSIS = YES;
				CLANG_WARN_STRICT_PROTOTYPES = YES;
				CLANG_WARN_SUSPICIOUS_MOVE = YES;
				CLANG_WARN_UNGUARDED_AVAILABILITY = YES_AGGRESSIVE;
				CLANG_WARN_UNREACHABLE_CODE = YES;
				CLANG_WARN__DUPLICATE_METHOD_MATCH = YES;
				COPY_PHASE_STRIP = NO;
				DEBUG_INFORMATION_FORMAT = "dwarf-with-dsym";
				DEVELOPMENT_TEAM = 74SY6DZ377;
				ENABLE_NS_ASSERTIONS = NO;
				ENABLE_STRICT_OBJC_MSGSEND = YES;
				ENABLE_USER_SCRIPT_SANDBOXING = YES;
				GCC_C_LANGUAGE_STANDARD = gnu17;
				GCC_NO_COMMON_BLOCKS = YES;
				GCC_WARN_64_TO_32_BIT_CONVERSION = YES;
				GCC_WARN_ABOUT_RETURN_TYPE = YES_ERROR;
				GCC_WARN_UNDECLARED_SELECTOR = YES;
				GCC_WARN_UNINITIALIZED_AUTOS = YES_AGGRESSIVE;
				GCC_WARN_UNUSED_FUNCTION = YES;
				GCC_WARN_UNUSED_VARIABLE = YES;
				IPHONEOS_DEPLOYMENT_TARGET = 16.0;
				LOCALIZATION_PREFERS_STRING_CATALOGS = YES;
				MTL_ENABLE_DEBUG_INFO = NO;
				MTL_FAST_MATH = YES;
				SDKROOT = iphoneos;
				STRING_CATALOG_GENERATE_SYMBOLS = YES;
				SWIFT_COMPILATION_MODE = wholemodule;
				VALIDATE_PRODUCT = YES;
			};
			name = Release;
		};
		702 /* Debug */ = {
			isa = XCBuildConfiguration;
			buildSettings = {
				ASSETCATALOG_COMPILER_APPICON_NAME = AppIcon;
				ASSETCATALOG_COMPILER_GLOBAL_ACCENT_COLOR_NAME = AccentColor;
				ASSETCATALOG_COMPILER_INCLUDE_ALL_APPICON_ASSETS = YES;
				CODE_SIGN_ENTITLEMENTS = DnDTextRPG/DnDTextRPG.entitlements;
				CODE_SIGN_STYLE = Automatic;
				CURRENT_PROJECT_VERSION = 34;
				DEVELOPMENT_ASSET_PATHS = "";
				ENABLE_PREVIEWS = YES;
				GENERATE_INFOPLIST_FILE = YES;
				INFOPLIST_KEY_CFBundleDisplayName = "DnD RPG";
				INFOPLIST_KEY_LSApplicationCategoryType = "public.app-category.role-playing-games";
				INFOPLIST_KEY_NSMicrophoneUsageDescription = "The microphone is used for voice commands in chat.";
				INFOPLIST_KEY_NSSpeechRecognitionUsageDescription = "Voice commands let you speak to the Dungeon Master instead of typing.";
				INFOPLIST_KEY_UIApplicationSceneManifest_Generation = YES;
				INFOPLIST_KEY_UIApplicationSupportsIndirectInputEvents = YES;
				INFOPLIST_KEY_UILaunchScreen_Generation = YES;
				INFOPLIST_KEY_UIStatusBarHidden = YES;
				INFOPLIST_KEY_UISupportedInterfaceOrientations = "UIInterfaceOrientationPortrait UIInterfaceOrientationPortraitUpsideDown UIInterfaceOrientationLandscapeLeft UIInterfaceOrientationLandscapeRight";
				LD_RUNPATH_SEARCH_PATHS = (
					"$(inherited)",
					"@executable_path/Frameworks",
				);
				MARKETING_VERSION = 3.0;
				PRODUCT_BUNDLE_IDENTIFIER = com.timbaloo.dnd.textrpg;
				PRODUCT_NAME = "$(TARGET_NAME)";
				SUPPORTED_PLATFORMS = "iphoneos iphonesimulator appletvos appletvsimulator macosx";
				SUPPORTS_MAC_DESIGNED_FOR_IPHONE_IPAD = YES;
				SWIFT_EMIT_LOC_STRINGS = YES;
				SWIFT_VERSION = 5.0;
				TARGETED_DEVICE_FAMILY = "1,2,3";
				TVOS_DEPLOYMENT_TARGET = 16.0;
			};
			name = Debug;
		};
		703 /* Release */ = {
			isa = XCBuildConfiguration;
			buildSettings = {
				ASSETCATALOG_COMPILER_APPICON_NAME = AppIcon;
				ASSETCATALOG_COMPILER_GLOBAL_ACCENT_COLOR_NAME = AccentColor;
				ASSETCATALOG_COMPILER_INCLUDE_ALL_APPICON_ASSETS = YES;
				CODE_SIGN_ENTITLEMENTS = DnDTextRPG/DnDTextRPG.entitlements;
				CODE_SIGN_STYLE = Automatic;
				CURRENT_PROJECT_VERSION = 34;
				DEVELOPMENT_ASSET_PATHS = "";
				ENABLE_PREVIEWS = YES;
				GENERATE_INFOPLIST_FILE = YES;
				INFOPLIST_KEY_CFBundleDisplayName = "DnD RPG";
				INFOPLIST_KEY_LSApplicationCategoryType = "public.app-category.role-playing-games";
				INFOPLIST_KEY_NSMicrophoneUsageDescription = "The microphone is used for voice commands in chat.";
				INFOPLIST_KEY_NSSpeechRecognitionUsageDescription = "Voice commands let you speak to the Dungeon Master instead of typing.";
				INFOPLIST_KEY_UIApplicationSceneManifest_Generation = YES;
				INFOPLIST_KEY_UIApplicationSupportsIndirectInputEvents = YES;
				INFOPLIST_KEY_UILaunchScreen_Generation = YES;
				INFOPLIST_KEY_UIStatusBarHidden = YES;
				INFOPLIST_KEY_UISupportedInterfaceOrientations = "UIInterfaceOrientationPortrait UIInterfaceOrientationPortraitUpsideDown UIInterfaceOrientationLandscapeLeft UIInterfaceOrientationLandscapeRight";
				LD_RUNPATH_SEARCH_PATHS = (
					"$(inherited)",
					"@executable_path/Frameworks",
				);
				MARKETING_VERSION = 3.0;
				PRODUCT_BUNDLE_IDENTIFIER = com.timbaloo.dnd.textrpg;
				PRODUCT_NAME = "$(TARGET_NAME)";
				SUPPORTED_PLATFORMS = "iphoneos iphonesimulator appletvos appletvsimulator macosx";
				SUPPORTS_MAC_DESIGNED_FOR_IPHONE_IPAD = YES;
				SWIFT_EMIT_LOC_STRINGS = YES;
				SWIFT_VERSION = 5.0;
				TARGETED_DEVICE_FAMILY = "1,2,3";
				TVOS_DEPLOYMENT_TARGET = 16.0;
			};
			name = Release;
		};
		E06345A03950F82186C34802 /* Debug */ = {
			isa = XCBuildConfiguration;
			buildSettings = {
				ASSETCATALOG_COMPILER_APPICON_NAME = "";
				ASSETCATALOG_COMPILER_GLOBAL_ACCENT_COLOR_NAME = AccentColor;
				CODE_SIGN_STYLE = Automatic;
				CURRENT_PROJECT_VERSION = 34;
				DEVELOPMENT_TEAM = 74SY6DZ377;
				ENABLE_PREVIEWS = YES;
				GENERATE_INFOPLIST_FILE = YES;
				INFOPLIST_KEY_UISupportedInterfaceOrientations = UIInterfaceOrientationPortrait;
				INFOPLIST_KEY_WKCompanionAppBundleIdentifier = com.timbaloo.dnd.textrpg;
				MARKETING_VERSION = 3.0;
				PRODUCT_BUNDLE_IDENTIFIER = com.timbaloo.dnd.textrpg.watchkitapp;
				PRODUCT_NAME = DnDTextRPGWatch;
				SDKROOT = watchos;
				SKIP_INSTALL = YES;
				SUPPORTED_PLATFORMS = "watchos watchsimulator";
				SWIFT_VERSION = 5.0;
				TARGETED_DEVICE_FAMILY = 4;
				WATCHOS_DEPLOYMENT_TARGET = 10.0;
			};
			name = Debug;
		};
/* End XCBuildConfiguration section */

/* Begin XCConfigurationList section */
		2B6825ECC4057ADD38E96337 /* Build configuration list for PBXNativeTarget "DnDTextRPGWatch" */ = {
			isa = XCConfigurationList;
			buildConfigurations = (
				412DAF91AEED47C3AAFE7628 /* Release */,
				E06345A03950F82186C34802 /* Debug */,
			);
			defaultConfigurationIsVisible = 0;
			defaultConfigurationName = Release;
		};
		500 /* Build configuration list for PBXNativeTarget "DnDTextRPG" */ = {
			isa = XCConfigurationList;
			buildConfigurations = (
				702 /* Debug */,
				703 /* Release */,
			);
			defaultConfigurationIsVisible = 0;
			defaultConfigurationName = Release;
		};
		601 /* Build configuration list for PBXProject "DnDTextRPG" */ = {
			isa = XCConfigurationList;
			buildConfigurations = (
				700 /* Debug */,
				701 /* Release */,
			);
			defaultConfigurationIsVisible = 0;
			defaultConfigurationName = Release;
		};
/* End XCConfigurationList section */
	};
	rootObject = 600 /* Project object */;
}
