// !$*UTF8*$!
{
	archiveVersion = 1;
	classes = {
	};
	objectVersion = 56;
	objects = {

/* Begin PBXBuildFile section */
		001 /* DnDTextRPGApp.swift in Sources */ = {isa = PBXBuildFile; fileRef = 101 /* DnDTextRPGApp.swift */; };
		002 /* ContentView.swift in Sources */ = {isa = PBXBuildFile; fileRef = 102 /* ContentView.swift */; };
		003 /* TerminalView.swift in Sources */ = {isa = PBXBuildFile; fileRef = 103 /* TerminalView.swift */; };
		004 /* TerminalModels.swift in Sources */ = {isa = PBXBuildFile; fileRef = 104 /* TerminalModels.swift */; };
		005 /* CharacterModels.swift in Sources */ = {isa = PBXBuildFile; fileRef = 105 /* CharacterModels.swift */; };
		006 /* DungeonModels.swift in Sources */ = {isa = PBXBuildFile; fileRef = 106 /* DungeonModels.swift */; };
		007 /* CombatModels.swift in Sources */ = {isa = PBXBuildFile; fileRef = 107 /* CombatModels.swift */; };
		008 /* GameEngine.swift in Sources */ = {isa = PBXBuildFile; fileRef = 108 /* GameEngine.swift */; };
		009 /* Dice.swift in Sources */ = {isa = PBXBuildFile; fileRef = 109 /* Dice.swift */; };
		010 /* Assets.xcassets in Resources */ = {isa = PBXBuildFile; fileRef = 110 /* Assets.xcassets */; };
		011 /* PrivacyInfo.xcprivacy in Resources */ = {isa = PBXBuildFile; fileRef = 111 /* PrivacyInfo.xcprivacy */; };
		012 /* SaveGameModels.swift in Sources */ = {isa = PBXBuildFile; fileRef = 112 /* SaveGameModels.swift */; };
		013 /* SoundManager.swift in Sources */ = {isa = PBXBuildFile; fileRef = 113 /* SoundManager.swift */; };
		014 /* HallOfFame.swift in Sources */ = {isa = PBXBuildFile; fileRef = 114 /* HallOfFame.swift */; };
		015 /* GameCenterManager.swift in Sources */ = {isa = PBXBuildFile; fileRef = 115 /* GameCenterManager.swift */; };
		016 /* DMEngine.swift in Sources */ = {isa = PBXBuildFile; fileRef = 116 /* DMEngine.swift */; };
		017 /* ItemModels.swift in Sources */ = {isa = PBXBuildFile; fileRef = 117 /* ItemModels.swift */; };
		018 /* ShopEngine.swift in Sources */ = {isa = PBXBuildFile; fileRef = 118 /* ShopEngine.swift */; };
		019 /* SpellModels.swift in Sources */ = {isa = PBXBuildFile; fileRef = 119 /* SpellModels.swift */; };
		020 /* SpeechEngine.swift in Sources */ = {isa = PBXBuildFile; fileRef = 120 /* SpeechEngine.swift */; };
/* End PBXBuildFile section */

/* Begin PBXFileReference section */
		100 /* DnDTextRPG.app */ = {isa = PBXFileReference; explicitFileType = wrapper.application; includeInIndex = 0; path = DnDTextRPG.app; sourceTree = BUILT_PRODUCTS_DIR; };
		101 /* DnDTextRPGApp.swift */ = {isa = PBXFileReference; lastKnownFileType = sourcecode.swift; path = DnDTextRPGApp.swift; sourceTree = "<group>"; };
		102 /* ContentView.swift */ = {isa = PBXFileReference; lastKnownFileType = sourcecode.swift; path = ContentView.swift; sourceTree = "<group>"; };
		103 /* TerminalView.swift */ = {isa = PBXFileReference; lastKnownFileType = sourcecode.swift; path = TerminalView.swift; sourceTree = "<group>"; };
		104 /* TerminalModels.swift */ = {isa = PBXFileReference; lastKnownFileType = sourcecode.swift; path = TerminalModels.swift; sourceTree = "<group>"; };
		105 /* CharacterModels.swift */ = {isa = PBXFileReference; lastKnownFileType = sourcecode.swift; path = CharacterModels.swift; sourceTree = "<group>"; };
		106 /* DungeonModels.swift */ = {isa = PBXFileReference; lastKnownFileType = sourcecode.swift; path = DungeonModels.swift; sourceTree = "<group>"; };
		107 /* CombatModels.swift */ = {isa = PBXFileReference; lastKnownFileType = sourcecode.swift; path = CombatModels.swift; sourceTree = "<group>"; };
		108 /* GameEngine.swift */ = {isa = PBXFileReference; lastKnownFileType = sourcecode.swift; path = GameEngine.swift; sourceTree = "<group>"; };
		109 /* Dice.swift */ = {isa = PBXFileReference; lastKnownFileType = sourcecode.swift; path = Dice.swift; sourceTree = "<group>"; };
		110 /* Assets.xcassets */ = {isa = PBXFileReference; lastKnownFileType = folder.assetcatalog; path = Assets.xcassets; sourceTree = "<group>"; };
		111 /* PrivacyInfo.xcprivacy */ = {isa = PBXFileReference; lastKnownFileType = text.xml; path = PrivacyInfo.xcprivacy; sourceTree = "<group>"; };
		112 /* SaveGameModels.swift */ = {isa = PBXFileReference; lastKnownFileType = sourcecode.swift; path = SaveGameModels.swift; sourceTree = "<group>"; };
		113 /* SoundManager.swift */ = {isa = PBXFileReference; lastKnownFileType = sourcecode.swift; path = SoundManager.swift; sourceTree = "<group>"; };
		114 /* HallOfFame.swift */ = {isa = PBXFileReference; lastKnownFileType = sourcecode.swift; path = HallOfFame.swift; sourceTree = "<group>"; };
		115 /* GameCenterManager.swift */ = {isa = PBXFileReference; lastKnownFileType = sourcecode.swift; path = GameCenterManager.swift; sourceTree = "<group>"; };
		116 /* DMEngine.swift */ = {isa = PBXFileReference; lastKnownFileType = sourcecode.swift; path = DMEngine.swift; sourceTree = "<group>"; };
		117 /* ItemModels.swift */ = {isa = PBXFileReference; lastKnownFileType = sourcecode.swift; path = ItemModels.swift; sourceTree = "<group>"; };
		118 /* ShopEngine.swift */ = {isa = PBXFileReference; lastKnownFileType = sourcecode.swift; path = ShopEngine.swift; sourceTree = "<group>"; };
		119 /* SpellModels.swift */ = {isa = PBXFileReference; lastKnownFileType = sourcecode.swift; path = SpellModels.swift; sourceTree = "<group>"; };
		120 /* SpeechEngine.swift */ = {isa = PBXFileReference; lastKnownFileType = sourcecode.swift; path = SpeechEngine.swift; sourceTree = "<group>"; };
		D18E1F342F3DF78F0076A164 /* DnDTextRPG.entitlements */ = {isa = PBXFileReference; lastKnownFileType = text.plist.entitlements; path = DnDTextRPG.entitlements; sourceTree = "<group>"; };
/* End PBXFileReference section */

/* Begin PBXFrameworksBuildPhase section */
		200 /* Frameworks */ = {
			isa = PBXFrameworksBuildPhase;
			buildActionMask = 2147483647;
			files = (
			);
			runOnlyForDeploymentPostprocessing = 0;
		};
/* End PBXFrameworksBuildPhase section */

/* Begin PBXGroup section */
		300 = {
			isa = PBXGroup;
			children = (
				301 /* DnDTextRPG */,
				302 /* Products */,
			);
			sourceTree = "<group>";
		};
		301 /* DnDTextRPG */ = {
			isa = PBXGroup;
			children = (
				D18E1F342F3DF78F0076A164 /* DnDTextRPG.entitlements */,
				101 /* DnDTextRPGApp.swift */,
				303 /* Views */,
				304 /* Models */,
				305 /* Game */,
				306 /* Utils */,
				110 /* Assets.xcassets */,
				111 /* PrivacyInfo.xcprivacy */,
			);
			path = DnDTextRPG;
			sourceTree = "<group>";
		};
		302 /* Products */ = {
			isa = PBXGroup;
			children = (
				100 /* DnDTextRPG.app */,
			);
			name = Products;
			sourceTree = "<group>";
		};
		303 /* Views */ = {
			isa = PBXGroup;
			children = (
				102 /* ContentView.swift */,
				103 /* TerminalView.swift */,
			);
			path = Views;
			sourceTree = "<group>";
		};
		304 /* Models */ = {
			isa = PBXGroup;
			children = (
				104 /* TerminalModels.swift */,
				105 /* CharacterModels.swift */,
				106 /* DungeonModels.swift */,
				107 /* CombatModels.swift */,
				112 /* SaveGameModels.swift */,
				114 /* HallOfFame.swift */,
				117 /* ItemModels.swift */,
				119 /* SpellModels.swift */,
			);
			path = Models;
			sourceTree = "<group>";
		};
		305 /* Game */ = {
			isa = PBXGroup;
			children = (
				108 /* GameEngine.swift */,
				118 /* ShopEngine.swift */,
			);
			path = Game;
			sourceTree = "<group>";
		};
		306 /* Utils */ = {
			isa = PBXGroup;
			children = (
				109 /* Dice.swift */,
				113 /* SoundManager.swift */,
				115 /* GameCenterManager.swift */,
				116 /* DMEngine.swift */,
				120 /* SpeechEngine.swift */,
			);
			path = Utils;
			sourceTree = "<group>";
		};
/* End PBXGroup section */

/* Begin PBXNativeTarget section */
		400 /* DnDTextRPG */ = {
			isa = PBXNativeTarget;
			buildConfigurationList = 500 /* Build configuration list for PBXNativeTarget "DnDTextRPG" */;
			buildPhases = (
				401 /* Sources */,
				200 /* Frameworks */,
				402 /* Resources */,
			);
			buildRules = (
			);
			dependencies = (
			);
			name = DnDTextRPG;
			productName = DnDTextRPG;
			productReference = 100 /* DnDTextRPG.app */;
			productType = "com.apple.product-type.application";
		};
/* End PBXNativeTarget section */

/* Begin PBXProject section */
		600 /* Project object */ = {
			isa = PBXProject;
			attributes = {
				BuildIndependentTargetsInParallel = 1;
				LastSwiftUpdateCheck = 1500;
				LastUpgradeCheck = 2620;
				TargetAttributes = {
					400 = {
						CreatedOnToolsVersion = 15.0;
					};
				};
			};
			buildConfigurationList = 601 /* Build configuration list for PBXProject "DnDTextRPG" */;
			compatibilityVersion = "Xcode 14.0";
			developmentRegion = en;
			hasScannedForEncodings = 0;
			knownRegions = (
				en,
				Base,
			);
			mainGroup = 300;
			productRefGroup = 302 /* Products */;
			projectDirPath = "";
			projectRoot = "";
			targets = (
				400 /* DnDTextRPG */,
			);
		};
/* End PBXProject section */

/* Begin PBXResourcesBuildPhase section */
		402 /* Resources */ = {
			isa = PBXResourcesBuildPhase;
			buildActionMask = 2147483647;
			files = (
				010 /* Assets.xcassets in Resources */,
				011 /* PrivacyInfo.xcprivacy in Resources */,
			);
			runOnlyForDeploymentPostprocessing = 0;
		};
/* End PBXResourcesBuildPhase section */

/* Begin PBXSourcesBuildPhase section */
		401 /* Sources */ = {
			isa = PBXSourcesBuildPhase;
			buildActionMask = 2147483647;
			files = (
				001 /* DnDTextRPGApp.swift in Sources */,
				002 /* ContentView.swift in Sources */,
				003 /* TerminalView.swift in Sources */,
				004 /* TerminalModels.swift in Sources */,
				005 /* CharacterModels.swift in Sources */,
				006 /* DungeonModels.swift in Sources */,
				007 /* CombatModels.swift in Sources */,
				008 /* GameEngine.swift in Sources */,
				009 /* Dice.swift in Sources */,
				012 /* SaveGameModels.swift in Sources */,
				013 /* SoundManager.swift in Sources */,
				014 /* HallOfFame.swift in Sources */,
				015 /* GameCenterManager.swift in Sources */,
				016 /* DMEngine.swift in Sources */,
				017 /* ItemModels.swift in Sources */,
				018 /* ShopEngine.swift in Sources */,
				019 /* SpellModels.swift in Sources */,
				020 /* SpeechEngine.swift in Sources */,
			);
			runOnlyForDeploymentPostprocessing = 0;
		};
/* End PBXSourcesBuildPhase section */

/* Begin XCBuildConfiguration section */
		700 /* Debug */ = {
			isa = XCBuildConfiguration;
			buildSettings = {
				ALWAYS_SEARCH_USER_PATHS = NO;
				ASSETCATALOG_COMPILER_GENERATE_SWIFT_ASSET_SYMBOL_EXTENSIONS = YES;
				CLANG_ANALYZER_NONNULL = YES;
				CLANG_ANALYZER_NUMBER_OBJECT_CONVERSION = YES_AGGRESSIVE;
				CLANG_CXX_LANGUAGE_STANDARD = "gnu++20";
				CLANG_ENABLE_MODULES = YES;
				CLANG_ENABLE_OBJC_ARC = YES;
				CLANG_ENABLE_OBJC_WEAK = YES;
				CLANG_WARN_BLOCK_CAPTURE_AUTORELEASING = YES;
				CLANG_WARN_BOOL_CONVERSION = YES;
				CLANG_WARN_COMMA = YES;
				CLANG_WARN_CONSTANT_CONVERSION = YES;
				CLANG_WARN_DEPRECATED_OBJC_IMPLEMENTATIONS = YES;
				CLANG_WARN_DIRECT_OBJC_ISA_USAGE = YES_ERROR;
				CLANG_WARN_DOCUMENTATION_COMMENTS = YES;
				CLANG_WARN_EMPTY_BODY = YES;
				CLANG_WARN_ENUM_CONVERSION = YES;
				CLANG_WARN_INFINITE_RECURSION = YES;
				CLANG_WARN_INT_CONVERSION = YES;
				CLANG_WARN_NON_LITERAL_NULL_CONVERSION = YES;
				CLANG_WARN_OBJC_IMPLICIT_RETAIN_SELF = YES;
				CLANG_WARN_OBJC_LITERAL_CONVERSION = YES;
				CLANG_WARN_OBJC_ROOT_CLASS = YES_ERROR;
				CLANG_WARN_QUOTED_INCLUDE_IN_FRAMEWORK_HEADER = YES;
				CLANG_WARN_RANGE_LOOP_ANALYSIS = YES;
				CLANG_WARN_STRICT_PROTOTYPES = YES;
				CLANG_WARN_SUSPICIOUS_MOVE = YES;
				CLANG_WARN_UNGUARDED_AVAILABILITY = YES_AGGRESSIVE;
				CLANG_WARN_UNREACHABLE_CODE = YES;
				CLANG_WARN__DUPLICATE_METHOD_MATCH = YES;
				COPY_PHASE_STRIP = NO;
				DEBUG_INFORMATION_FORMAT = dwarf;
				DEVELOPMENT_TEAM = 74SY6DZ377;
				ENABLE_STRICT_OBJC_MSGSEND = YES;
				ENABLE_TESTABILITY = YES;
				ENABLE_USER_SCRIPT_SANDBOXING = YES;
				GCC_C_LANGUAGE_STANDARD = gnu17;
				GCC_DYNAMIC_NO_PIC = NO;
				GCC_NO_COMMON_BLOCKS = YES;
				GCC_OPTIMIZATION_LEVEL = 0;
				GCC_PREPROCESSOR_DEFINITIONS = (
					"DEBUG=1",
					"$(inherited)",
				);
				GCC_WARN_64_TO_32_BIT_CONVERSION = YES;
				GCC_WARN_ABOUT_RETURN_TYPE = YES_ERROR;
				GCC_WARN_UNDECLARED_SELECTOR = YES;
				GCC_WARN_UNINITIALIZED_AUTOS = YES_AGGRESSIVE;
				GCC_WARN_UNUSED_FUNCTION = YES;
				GCC_WARN_UNUSED_VARIABLE = YES;
				IPHONEOS_DEPLOYMENT_TARGET = 16.0;
				LOCALIZATION_PREFERS_STRING_CATALOGS = YES;
				MTL_ENABLE_DEBUG_INFO = INCLUDE_SOURCE;
				MTL_FAST_MATH = YES;
				ONLY_ACTIVE_ARCH = YES;
				SDKROOT = iphoneos;
				STRING_CATALOG_GENERATE_SYMBOLS = YES;
				SWIFT_ACTIVE_COMPILATION_CONDITIONS = "DEBUG $(inherited)";
				SWIFT_OPTIMIZATION_LEVEL = "-Onone";
			};
			name = Debug;
		};
		701 /* Release */ = {
			isa = XCBuildConfiguration;
			buildSettings = {
				ALWAYS_SEARCH_USER_PATHS = NO;
				ASSETCATALOG_COMPILER_GENERATE_SWIFT_ASSET_SYMBOL_EXTENSIONS = YES;
				CLANG_ANALYZER_NONNULL = YES;
				CLANG_ANALYZER_NUMBER_OBJECT_CONVERSION = YES_AGGRESSIVE;
				CLANG_CXX_LANGUAGE_STANDARD = "gnu++20";
				CLANG_ENABLE_MODULES = YES;
				CLANG_ENABLE_OBJC_ARC = YES;
				CLANG_ENABLE_OBJC_WEAK = YES;
				CLANG_WARN_BLOCK_CAPTURE_AUTORELEASING = YES;
				CLANG_WARN_BOOL_CONVERSION = YES;
				CLANG_WARN_COMMA = YES;
				CLANG_WARN_CONSTANT_CONVERSION = YES;
				CLANG_WARN_DEPRECATED_OBJC_IMPLEMENTATIONS = YES;
				CLANG_WARN_DIRECT_OBJC_ISA_USAGE = YES_ERROR;
				CLANG_WARN_DOCUMENTATION_COMMENTS = YES;
				CLANG_WARN_EMPTY_BODY = YES;
				CLANG_WARN_ENUM_CONVERSION = YES;
				CLANG_WARN_INFINITE_RECURSION = YES;
				CLANG_WARN_INT_CONVERSION = YES;
				CLANG_WARN_NON_LITERAL_NULL_CONVERSION = YES;
				CLANG_WARN_OBJC_IMPLICIT_RETAIN_SELF = YES;
				CLANG_WARN_OBJC_LITERAL_CONVERSION = YES;
				CLANG_WARN_OBJC_ROOT_CLASS = YES_ERROR;
				CLANG_WARN_QUOTED_INCLUDE_IN_FRAMEWORK_HEADER = YES;
				CLANG_WARN_RANGE_LOOP_ANALYSIS = YES;
				CLANG_WARN_STRICT_PROTOTYPES = YES;
				CLANG_WARN_SUSPICIOUS_MOVE = YES;
				CLANG_WARN_UNGUARDED_AVAILABILITY = YES_AGGRESSIVE;
				CLANG_WARN_UNREACHABLE_CODE = YES;
				CLANG_WARN__DUPLICATE_METHOD_MATCH = YES;
				COPY_PHASE_STRIP = NO;
				DEBUG_INFORMATION_FORMAT = "dwarf-with-dsym";
				DEVELOPMENT_TEAM = 74SY6DZ377;
				ENABLE_NS_ASSERTIONS = NO;
				ENABLE_STRICT_OBJC_MSGSEND = YES;
				ENABLE_USER_SCRIPT_SANDBOXING = YES;
				GCC_C_LANGUAGE_STANDARD = gnu17;
				GCC_NO_COMMON_BLOCKS = YES;
				GCC_WARN_64_TO_32_BIT_CONVERSION = YES;
				GCC_WARN_ABOUT_RETURN_TYPE = YES_ERROR;
				GCC_WARN_UNDECLARED_SELECTOR = YES;
				GCC_WARN_UNINITIALIZED_AUTOS = YES_AGGRESSIVE;
				GCC_WARN_UNUSED_FUNCTION = YES;
				GCC_WARN_UNUSED_VARIABLE = YES;
				IPHONEOS_DEPLOYMENT_TARGET = 16.0;
				LOCALIZATION_PREFERS_STRING_CATALOGS = YES;
				MTL_ENABLE_DEBUG_INFO = NO;
				MTL_FAST_MATH = YES;
				SDKROOT = iphoneos;
				STRING_CATALOG_GENERATE_SYMBOLS = YES;
				SWIFT_COMPILATION_MODE = wholemodule;
				VALIDATE_PRODUCT = YES;
			};
			name = Release;
		};
		702 /* Debug */ = {
			isa = XCBuildConfiguration;
			buildSettings = {
				ASSETCATALOG_COMPILER_APPICON_NAME = AppIcon;
				ASSETCATALOG_COMPILER_GLOBAL_ACCENT_COLOR_NAME = AccentColor;
				CODE_SIGN_ENTITLEMENTS = DnDTextRPG/DnDTextRPG.entitlements;
				CODE_SIGN_STYLE = Automatic;
				CURRENT_PROJECT_VERSION = 14;
				DEVELOPMENT_ASSET_PATHS = "";
				ENABLE_PREVIEWS = YES;
				GENERATE_INFOPLIST_FILE = YES;
				INFOPLIST_KEY_CFBundleDisplayName = "D&D RPG";
				INFOPLIST_KEY_LSApplicationCategoryType = "public.app-category.adventure-games";
				INFOPLIST_KEY_UIApplicationSceneManifest_Generation = YES;
				INFOPLIST_KEY_UIApplicationSupportsIndirectInputEvents = YES;
				INFOPLIST_KEY_UILaunchScreen_Generation = YES;
				INFOPLIST_KEY_UISupportedInterfaceOrientations = "UIInterfaceOrientationLandscapeLeft UIInterfaceOrientationLandscapeRight UIInterfaceOrientationPortrait UIInterfaceOrientationPortraitUpsideDown";
				LD_RUNPATH_SEARCH_PATHS = (
					"$(inherited)",
					"@executable_path/Frameworks",
				);
				MARKETING_VERSION = 1.1.0;
				PRODUCT_BUNDLE_IDENTIFIER = com.timbaloo.dnd.textrpg;
				PRODUCT_NAME = "$(TARGET_NAME)";
				SUPPORTED_PLATFORMS = "iphoneos iphonesimulator appletvos appletvsimulator";
				SUPPORTS_MAC_DESIGNED_FOR_IPHONE_IPAD = YES;
				SWIFT_EMIT_LOC_STRINGS = YES;
				SWIFT_VERSION = 5.0;
				TARGETED_DEVICE_FAMILY = "1,2,3";
				TVOS_DEPLOYMENT_TARGET = 16.0;
			};
			name = Debug;
		};
		703 /* Release */ = {
			isa = XCBuildConfiguration;
			buildSettings = {
				ASSETCATALOG_COMPILER_APPICON_NAME = AppIcon;
				ASSETCATALOG_COMPILER_GLOBAL_ACCENT_COLOR_NAME = AccentColor;
				CODE_SIGN_ENTITLEMENTS = DnDTextRPG/DnDTextRPG.entitlements;
				CODE_SIGN_STYLE = Automatic;
				CURRENT_PROJECT_VERSION = 14;
				DEVELOPMENT_ASSET_PATHS = "";
				ENABLE_PREVIEWS = YES;
				GENERATE_INFOPLIST_FILE = YES;
				INFOPLIST_KEY_CFBundleDisplayName = "D&D RPG";
				INFOPLIST_KEY_LSApplicationCategoryType = "public.app-category.adventure-games";
				INFOPLIST_KEY_UIApplicationSceneManifest_Generation = YES;
				INFOPLIST_KEY_UIApplicationSupportsIndirectInputEvents = YES;
				INFOPLIST_KEY_UILaunchScreen_Generation = YES;
				INFOPLIST_KEY_UISupportedInterfaceOrientations = "UIInterfaceOrientationLandscapeLeft UIInterfaceOrientationLandscapeRight UIInterfaceOrientationPortrait UIInterfaceOrientationPortraitUpsideDown";
				LD_RUNPATH_SEARCH_PATHS = (
					"$(inherited)",
					"@executable_path/Frameworks",
				);
				MARKETING_VERSION = 1.1.0;
				PRODUCT_BUNDLE_IDENTIFIER = com.timbaloo.dnd.textrpg;
				PRODUCT_NAME = "$(TARGET_NAME)";
				SUPPORTED_PLATFORMS = "iphoneos iphonesimulator appletvos appletvsimulator";
				SUPPORTS_MAC_DESIGNED_FOR_IPHONE_IPAD = YES;
				SWIFT_EMIT_LOC_STRINGS = YES;
				SWIFT_VERSION = 5.0;
				TARGETED_DEVICE_FAMILY = "1,2,3";
				TVOS_DEPLOYMENT_TARGET = 16.0;
			};
			name = Release;
		};
/* End XCBuildConfiguration section */

/* Begin XCConfigurationList section */
		500 /* Build configuration list for PBXNativeTarget "DnDTextRPG" */ = {
			isa = XCConfigurationList;
			buildConfigurations = (
				702 /* Debug */,
				703 /* Release */,
			);
			defaultConfigurationIsVisible = 0;
			defaultConfigurationName = Release;
		};
		601 /* Build configuration list for PBXProject "DnDTextRPG" */ = {
			isa = XCConfigurationList;
			buildConfigurations = (
				700 /* Debug */,
				701 /* Release */,
			);
			defaultConfigurationIsVisible = 0;
			defaultConfigurationName = Release;
		};
/* End XCConfigurationList section */
	};
	rootObject = 600 /* Project object */;
}
